
Microsoft Visual Studio Solution File, Format Version 12.00
# Visual Studio Version 17
VisualStudioVersion = 17.14.36414.22 d17.14
MinimumVisualStudioVersion = 10.0.40219.1
Project("{FAE04EC0-301F-11D3-BF4B-00C04F79EFBC}") = "AIMeetingAssist", "AIMeetingAssist.csproj", "{1E05A1D6-77AB-47D4-863E-C953E1EB4302}"
EndProject
Global
	GlobalSection(SolutionConfigurationPlatforms) = preSolution
		Debug|Any CPU = Debug|Any CPU
		Release|Any CPU = Release|Any CPU
	EndGlobalSection
	GlobalSection(ProjectConfigurationPlatforms) = postSolution
		{1E05A1D6-77AB-47D4-863E-C953E1EB4302}.Debug|Any CPU.ActiveCfg = Debug|Any CPU
		{1E05A1D6-77AB-47D4-863E-C953E1EB4302}.Debug|Any CPU.Build.0 = Debug|Any CPU
		{1E05A1D6-77AB-47D4-863E-C953E1EB4302}.Release|Any CPU.ActiveCfg = Release|Any CPU
		{1E05A1D6-77AB-47D4-863E-C953E1EB4302}.Release|Any CPU.Build.0 = Release|Any CPU
	EndGlobalSection
	GlobalSection(SolutionProperties) = preSolution
		HideSolutionNode = FALSE
	EndGlobalSection
	GlobalSection(ExtensibilityGlobals) = postSolution
		SolutionGuid = {7428D4E3-2F60-4F1B-B69D-B7E39C73595B}
	EndGlobalSection
EndGlobal
